
Microsoft Visual Studio Solution File, Format Version 12.00
# Visual Studio Version 16
VisualStudioVersion = 16.0.31205.134
MinimumVisualStudioVersion = 10.0.40219.1
Project("{8BC9CEB8-8B4A-11D0-8D11-00A0C91BC942}") = "Project OpenGL", "Project OpenGL.vcxproj", "{ED311C84-B3BA-420F-B8B8-E4A10E255C81}"
EndProject
Global
	GlobalSection(SolutionConfigurationPlatforms) = preSolution
		Debug|x64 = Debug|x64
		Debug|x86 = Debug|x86
		Release|x64 = Release|x64
		Release|x86 = Release|x86
	EndGlobalSection
	GlobalSection(ProjectConfigurationPlatforms) = postSolution
		{ED311C84-B3BA-420F-B8B8-E4A10E255C81}.Debug|x64.ActiveCfg = Debug|x64
		{ED311C84-B3BA-420F-B8B8-E4A10E255C81}.Debug|x64.Build.0 = Debug|x64
		{ED311C84-B3BA-420F-B8B8-E4A10E255C81}.Debug|x86.ActiveCfg = Debug|Win32
		{ED311C84-B3BA-420F-B8B8-E4A10E255C81}.Debug|x86.Build.0 = Debug|Win32
		{ED311C84-B3BA-420F-B8B8-E4A10E255C81}.Release|x64.ActiveCfg = Release|x64
		{ED311C84-B3BA-420F-B8B8-E4A10E255C81}.Release|x64.Build.0 = Release|x64
		{ED311C84-B3BA-420F-B8B8-E4A10E255C81}.Release|x86.ActiveCfg = Release|Win32
		{ED311C84-B3BA-420F-B8B8-E4A10E255C81}.Release|x86.Build.0 = Release|Win32
	EndGlobalSection
	GlobalSection(SolutionProperties) = preSolution
		HideSolutionNode = FALSE
	EndGlobalSection
	GlobalSection(ExtensibilityGlobals) = postSolution
		SolutionGuid = {F1F0A1EB-5F2F-4E7C-8E60-F5BD662692B7}
	EndGlobalSection
EndGlobal
